
Microsoft Visual Studio Solution File, Format Version 12.00
# Visual Studio 14
VisualStudioVersion = 14.0.25420.1
MinimumVisualStudioVersion = 10.0.40219.1
Project("{2150E333-8FDC-42A3-9474-1A3956D46DE8}") = "src", "src", "{79F979CA-2C5D-4680-8115-54E57546D340}"
EndProject
Project("{2150E333-8FDC-42A3-9474-1A3956D46DE8}") = "Solution Items", "Solution Items", "{729A27BD-DF21-4926-9585-4A80D9FDDD1C}"
	ProjectSection(SolutionItems) = preProject
		global.json = global.json
	EndProjectSection
EndProject
Project("{8BB2217D-0F2D-49D1-97BC-3654ED321F3B}") = "ITCE.SNOW.FoundationData", "src\ITCE.SNOW.FoundationData\ITCE.SNOW.FoundationData.xproj", "{C0EC4FF7-BBB8-4C96-B635-2B12DC388A40}"
EndProject
Project("{2150E333-8FDC-42A3-9474-1A3956D46DE8}") = "Domain", "Domain", "{753C5EB8-C0F0-4E48-B15C-2F679594207E}"
EndProject
Project("{2150E333-8FDC-42A3-9474-1A3956D46DE8}") = "Data", "Data", "{622FF3E6-5DA7-44C0-A73F-22E5A45C39F6}"
EndProject
Project("{FAE04EC0-301F-11D3-BF4B-00C04F79EFBC}") = "ITCE.SNOW.Data.Excel", "ITCE.SNOW.Data.Excel\ITCE.SNOW.Data.Excel.csproj", "{C43C2D25-E969-480A-9CF1-F2432F999850}"
EndProject
Project("{FAE04EC0-301F-11D3-BF4B-00C04F79EFBC}") = "ITCE.SNOW.Data", "ITCE.SNOW.Data\ITCE.SNOW.Data.csproj", "{80C2E5F7-65AC-422A-8F65-4CC49FAE3349}"
EndProject
Project("{FAE04EC0-301F-11D3-BF4B-00C04F79EFBC}") = "ITCE.SNOW.Domain", "ITCE.SNOW.Domain\ITCE.SNOW.Domain.csproj", "{DE7F1FE7-FEDB-424E-BF87-FFAB13D7A315}"
EndProject
Project("{2150E333-8FDC-42A3-9474-1A3956D46DE8}") = "Tests", "Tests", "{E98F82D3-D081-4F3F-92C8-A0B6325755CB}"
EndProject
Project("{FAE04EC0-301F-11D3-BF4B-00C04F79EFBC}") = "ITCE.SNOW.Domain.Tests", "ITCE.SNOW.Domain.Tests\ITCE.SNOW.Domain.Tests.csproj", "{8BC710EC-1EBC-4679-9E92-C5ED592F727B}"
EndProject
Project("{FAE04EC0-301F-11D3-BF4B-00C04F79EFBC}") = "ITCE.SNOW.Dtos.V1", "ITCE.SNOW.Domain.Dtos.V1\ITCE.SNOW.Dtos.V1.csproj", "{ACD2C25B-1D00-43CF-8AC0-88C490B0DB35}"
EndProject
Project("{FAE04EC0-301F-11D3-BF4B-00C04F79EFBC}") = "ITCE.SNOW.Services", "ITCE.SNOW.Services\ITCE.SNOW.Services.csproj", "{1DB9F1AE-8618-4589-8693-3367A26B28BD}"
EndProject
Project("{FAE04EC0-301F-11D3-BF4B-00C04F79EFBC}") = "ITCE.SNOW.Data.ServiceNow", "ITCE.SNOW.Data.ServiceNow\ITCE.SNOW.Data.ServiceNow.csproj", "{1BD4F4A1-1199-454D-B539-10BC8F2DC024}"
EndProject
Project("{FAE04EC0-301F-11D3-BF4B-00C04F79EFBC}") = "ITCE.SNOW.Data.AzureDataTable", "ITCE.SNOW.Data.AzureDataTable\ITCE.SNOW.Data.AzureDataTable.csproj", "{C3ABA5FB-A75D-4CC0-8CBF-70803A3A8CA2}"
EndProject
Global
	GlobalSection(SolutionConfigurationPlatforms) = preSolution
		Debug|Any CPU = Debug|Any CPU
		Debug|ARM = Debug|ARM
		Debug|x64 = Debug|x64
		Debug|x86 = Debug|x86
		Release|Any CPU = Release|Any CPU
		Release|ARM = Release|ARM
		Release|x64 = Release|x64
		Release|x86 = Release|x86
	EndGlobalSection
	GlobalSection(ProjectConfigurationPlatforms) = postSolution
		{C0EC4FF7-BBB8-4C96-B635-2B12DC388A40}.Debug|Any CPU.ActiveCfg = Debug|Any CPU
		{C0EC4FF7-BBB8-4C96-B635-2B12DC388A40}.Debug|Any CPU.Build.0 = Debug|Any CPU
		{C0EC4FF7-BBB8-4C96-B635-2B12DC388A40}.Debug|ARM.ActiveCfg = Debug|Any CPU
		{C0EC4FF7-BBB8-4C96-B635-2B12DC388A40}.Debug|ARM.Build.0 = Debug|Any CPU
		{C0EC4FF7-BBB8-4C96-B635-2B12DC388A40}.Debug|x64.ActiveCfg = Debug|Any CPU
		{C0EC4FF7-BBB8-4C96-B635-2B12DC388A40}.Debug|x64.Build.0 = Debug|Any CPU
		{C0EC4FF7-BBB8-4C96-B635-2B12DC388A40}.Debug|x86.ActiveCfg = Debug|Any CPU
		{C0EC4FF7-BBB8-4C96-B635-2B12DC388A40}.Debug|x86.Build.0 = Debug|Any CPU
		{C0EC4FF7-BBB8-4C96-B635-2B12DC388A40}.Release|Any CPU.ActiveCfg = Release|Any CPU
		{C0EC4FF7-BBB8-4C96-B635-2B12DC388A40}.Release|Any CPU.Build.0 = Release|Any CPU
		{C0EC4FF7-BBB8-4C96-B635-2B12DC388A40}.Release|ARM.ActiveCfg = Release|Any CPU
		{C0EC4FF7-BBB8-4C96-B635-2B12DC388A40}.Release|ARM.Build.0 = Release|Any CPU
		{C0EC4FF7-BBB8-4C96-B635-2B12DC388A40}.Release|x64.ActiveCfg = Release|Any CPU
		{C0EC4FF7-BBB8-4C96-B635-2B12DC388A40}.Release|x64.Build.0 = Release|Any CPU
		{C0EC4FF7-BBB8-4C96-B635-2B12DC388A40}.Release|x86.ActiveCfg = Release|Any CPU
		{C0EC4FF7-BBB8-4C96-B635-2B12DC388A40}.Release|x86.Build.0 = Release|Any CPU
		{C43C2D25-E969-480A-9CF1-F2432F999850}.Debug|Any CPU.ActiveCfg = Debug|Any CPU
		{C43C2D25-E969-480A-9CF1-F2432F999850}.Debug|Any CPU.Build.0 = Debug|Any CPU
		{C43C2D25-E969-480A-9CF1-F2432F999850}.Debug|ARM.ActiveCfg = Debug|Any CPU
		{C43C2D25-E969-480A-9CF1-F2432F999850}.Debug|ARM.Build.0 = Debug|Any CPU
		{C43C2D25-E969-480A-9CF1-F2432F999850}.Debug|x64.ActiveCfg = Debug|Any CPU
		{C43C2D25-E969-480A-9CF1-F2432F999850}.Debug|x64.Build.0 = Debug|Any CPU
		{C43C2D25-E969-480A-9CF1-F2432F999850}.Debug|x86.ActiveCfg = Debug|Any CPU
		{C43C2D25-E969-480A-9CF1-F2432F999850}.Debug|x86.Build.0 = Debug|Any CPU
		{C43C2D25-E969-480A-9CF1-F2432F999850}.Release|Any CPU.ActiveCfg = Release|Any CPU
		{C43C2D25-E969-480A-9CF1-F2432F999850}.Release|Any CPU.Build.0 = Release|Any CPU
		{C43C2D25-E969-480A-9CF1-F2432F999850}.Release|ARM.ActiveCfg = Release|Any CPU
		{C43C2D25-E969-480A-9CF1-F2432F999850}.Release|ARM.Build.0 = Release|Any CPU
		{C43C2D25-E969-480A-9CF1-F2432F999850}.Release|x64.ActiveCfg = Release|Any CPU
		{C43C2D25-E969-480A-9CF1-F2432F999850}.Release|x64.Build.0 = Release|Any CPU
		{C43C2D25-E969-480A-9CF1-F2432F999850}.Release|x86.ActiveCfg = Release|Any CPU
		{C43C2D25-E969-480A-9CF1-F2432F999850}.Release|x86.Build.0 = Release|Any CPU
		{80C2E5F7-65AC-422A-8F65-4CC49FAE3349}.Debug|Any CPU.ActiveCfg = Debug|Any CPU
		{80C2E5F7-65AC-422A-8F65-4CC49FAE3349}.Debug|Any CPU.Build.0 = Debug|Any CPU
		{80C2E5F7-65AC-422A-8F65-4CC49FAE3349}.Debug|ARM.ActiveCfg = Debug|Any CPU
		{80C2E5F7-65AC-422A-8F65-4CC49FAE3349}.Debug|ARM.Build.0 = Debug|Any CPU
		{80C2E5F7-65AC-422A-8F65-4CC49FAE3349}.Debug|x64.ActiveCfg = Debug|Any CPU
		{80C2E5F7-65AC-422A-8F65-4CC49FAE3349}.Debug|x64.Build.0 = Debug|Any CPU
		{80C2E5F7-65AC-422A-8F65-4CC49FAE3349}.Debug|x86.ActiveCfg = Debug|Any CPU
		{80C2E5F7-65AC-422A-8F65-4CC49FAE3349}.Debug|x86.Build.0 = Debug|Any CPU
		{80C2E5F7-65AC-422A-8F65-4CC49FAE3349}.Release|Any CPU.ActiveCfg = Release|Any CPU
		{80C2E5F7-65AC-422A-8F65-4CC49FAE3349}.Release|Any CPU.Build.0 = Release|Any CPU
		{80C2E5F7-65AC-422A-8F65-4CC49FAE3349}.Release|ARM.ActiveCfg = Release|Any CPU
		{80C2E5F7-65AC-422A-8F65-4CC49FAE3349}.Release|ARM.Build.0 = Release|Any CPU
		{80C2E5F7-65AC-422A-8F65-4CC49FAE3349}.Release|x64.ActiveCfg = Release|Any CPU
		{80C2E5F7-65AC-422A-8F65-4CC49FAE3349}.Release|x64.Build.0 = Release|Any CPU
		{80C2E5F7-65AC-422A-8F65-4CC49FAE3349}.Release|x86.ActiveCfg = Release|Any CPU
		{80C2E5F7-65AC-422A-8F65-4CC49FAE3349}.Release|x86.Build.0 = Release|Any CPU
		{DE7F1FE7-FEDB-424E-BF87-FFAB13D7A315}.Debug|Any CPU.ActiveCfg = Debug|Any CPU
		{DE7F1FE7-FEDB-424E-BF87-FFAB13D7A315}.Debug|Any CPU.Build.0 = Debug|Any CPU
		{DE7F1FE7-FEDB-424E-BF87-FFAB13D7A315}.Debug|ARM.ActiveCfg = Debug|Any CPU
		{DE7F1FE7-FEDB-424E-BF87-FFAB13D7A315}.Debug|ARM.Build.0 = Debug|Any CPU
		{DE7F1FE7-FEDB-424E-BF87-FFAB13D7A315}.Debug|x64.ActiveCfg = Debug|Any CPU
		{DE7F1FE7-FEDB-424E-BF87-FFAB13D7A315}.Debug|x64.Build.0 = Debug|Any CPU
		{DE7F1FE7-FEDB-424E-BF87-FFAB13D7A315}.Debug|x86.ActiveCfg = Debug|Any CPU
		{DE7F1FE7-FEDB-424E-BF87-FFAB13D7A315}.Debug|x86.Build.0 = Debug|Any CPU
		{DE7F1FE7-FEDB-424E-BF87-FFAB13D7A315}.Release|Any CPU.ActiveCfg = Release|Any CPU
		{DE7F1FE7-FEDB-424E-BF87-FFAB13D7A315}.Release|Any CPU.Build.0 = Release|Any CPU
		{DE7F1FE7-FEDB-424E-BF87-FFAB13D7A315}.Release|ARM.ActiveCfg = Release|Any CPU
		{DE7F1FE7-FEDB-424E-BF87-FFAB13D7A315}.Release|ARM.Build.0 = Release|Any CPU
		{DE7F1FE7-FEDB-424E-BF87-FFAB13D7A315}.Release|x64.ActiveCfg = Release|Any CPU
		{DE7F1FE7-FEDB-424E-BF87-FFAB13D7A315}.Release|x64.Build.0 = Release|Any CPU
		{DE7F1FE7-FEDB-424E-BF87-FFAB13D7A315}.Release|x86.ActiveCfg = Release|Any CPU
		{DE7F1FE7-FEDB-424E-BF87-FFAB13D7A315}.Release|x86.Build.0 = Release|Any CPU
		{8BC710EC-1EBC-4679-9E92-C5ED592F727B}.Debug|Any CPU.ActiveCfg = Debug|Any CPU
		{8BC710EC-1EBC-4679-9E92-C5ED592F727B}.Debug|Any CPU.Build.0 = Debug|Any CPU
		{8BC710EC-1EBC-4679-9E92-C5ED592F727B}.Debug|ARM.ActiveCfg = Debug|Any CPU
		{8BC710EC-1EBC-4679-9E92-C5ED592F727B}.Debug|ARM.Build.0 = Debug|Any CPU
		{8BC710EC-1EBC-4679-9E92-C5ED592F727B}.Debug|x64.ActiveCfg = Debug|Any CPU
		{8BC710EC-1EBC-4679-9E92-C5ED592F727B}.Debug|x64.Build.0 = Debug|Any CPU
		{8BC710EC-1EBC-4679-9E92-C5ED592F727B}.Debug|x86.ActiveCfg = Debug|Any CPU
		{8BC710EC-1EBC-4679-9E92-C5ED592F727B}.Debug|x86.Build.0 = Debug|Any CPU
		{8BC710EC-1EBC-4679-9E92-C5ED592F727B}.Release|Any CPU.ActiveCfg = Release|Any CPU
		{8BC710EC-1EBC-4679-9E92-C5ED592F727B}.Release|Any CPU.Build.0 = Release|Any CPU
		{8BC710EC-1EBC-4679-9E92-C5ED592F727B}.Release|ARM.ActiveCfg = Release|Any CPU
		{8BC710EC-1EBC-4679-9E92-C5ED592F727B}.Release|ARM.Build.0 = Release|Any CPU
		{8BC710EC-1EBC-4679-9E92-C5ED592F727B}.Release|x64.ActiveCfg = Release|Any CPU
		{8BC710EC-1EBC-4679-9E92-C5ED592F727B}.Release|x64.Build.0 = Release|Any CPU
		{8BC710EC-1EBC-4679-9E92-C5ED592F727B}.Release|x86.ActiveCfg = Release|Any CPU
		{8BC710EC-1EBC-4679-9E92-C5ED592F727B}.Release|x86.Build.0 = Release|Any CPU
		{ACD2C25B-1D00-43CF-8AC0-88C490B0DB35}.Debug|Any CPU.ActiveCfg = Debug|Any CPU
		{ACD2C25B-1D00-43CF-8AC0-88C490B0DB35}.Debug|Any CPU.Build.0 = Debug|Any CPU
		{ACD2C25B-1D00-43CF-8AC0-88C490B0DB35}.Debug|ARM.ActiveCfg = Debug|Any CPU
		{ACD2C25B-1D00-43CF-8AC0-88C490B0DB35}.Debug|ARM.Build.0 = Debug|Any CPU
		{ACD2C25B-1D00-43CF-8AC0-88C490B0DB35}.Debug|x64.ActiveCfg = Debug|Any CPU
		{ACD2C25B-1D00-43CF-8AC0-88C490B0DB35}.Debug|x64.Build.0 = Debug|Any CPU
		{ACD2C25B-1D00-43CF-8AC0-88C490B0DB35}.Debug|x86.ActiveCfg = Debug|Any CPU
		{ACD2C25B-1D00-43CF-8AC0-88C490B0DB35}.Debug|x86.Build.0 = Debug|Any CPU
		{ACD2C25B-1D00-43CF-8AC0-88C490B0DB35}.Release|Any CPU.ActiveCfg = Release|Any CPU
		{ACD2C25B-1D00-43CF-8AC0-88C490B0DB35}.Release|Any CPU.Build.0 = Release|Any CPU
		{ACD2C25B-1D00-43CF-8AC0-88C490B0DB35}.Release|ARM.ActiveCfg = Release|Any CPU
		{ACD2C25B-1D00-43CF-8AC0-88C490B0DB35}.Release|ARM.Build.0 = Release|Any CPU
		{ACD2C25B-1D00-43CF-8AC0-88C490B0DB35}.Release|x64.ActiveCfg = Release|Any CPU
		{ACD2C25B-1D00-43CF-8AC0-88C490B0DB35}.Release|x64.Build.0 = Release|Any CPU
		{ACD2C25B-1D00-43CF-8AC0-88C490B0DB35}.Release|x86.ActiveCfg = Release|Any CPU
		{ACD2C25B-1D00-43CF-8AC0-88C490B0DB35}.Release|x86.Build.0 = Release|Any CPU
		{1DB9F1AE-8618-4589-8693-3367A26B28BD}.Debug|Any CPU.ActiveCfg = Debug|Any CPU
		{1DB9F1AE-8618-4589-8693-3367A26B28BD}.Debug|Any CPU.Build.0 = Debug|Any CPU
		{1DB9F1AE-8618-4589-8693-3367A26B28BD}.Debug|ARM.ActiveCfg = Debug|Any CPU
		{1DB9F1AE-8618-4589-8693-3367A26B28BD}.Debug|ARM.Build.0 = Debug|Any CPU
		{1DB9F1AE-8618-4589-8693-3367A26B28BD}.Debug|x64.ActiveCfg = Debug|Any CPU
		{1DB9F1AE-8618-4589-8693-3367A26B28BD}.Debug|x64.Build.0 = Debug|Any CPU
		{1DB9F1AE-8618-4589-8693-3367A26B28BD}.Debug|x86.ActiveCfg = Debug|Any CPU
		{1DB9F1AE-8618-4589-8693-3367A26B28BD}.Debug|x86.Build.0 = Debug|Any CPU
		{1DB9F1AE-8618-4589-8693-3367A26B28BD}.Release|Any CPU.ActiveCfg = Release|Any CPU
		{1DB9F1AE-8618-4589-8693-3367A26B28BD}.Release|Any CPU.Build.0 = Release|Any CPU
		{1DB9F1AE-8618-4589-8693-3367A26B28BD}.Release|ARM.ActiveCfg = Release|Any CPU
		{1DB9F1AE-8618-4589-8693-3367A26B28BD}.Release|ARM.Build.0 = Release|Any CPU
		{1DB9F1AE-8618-4589-8693-3367A26B28BD}.Release|x64.ActiveCfg = Release|Any CPU
		{1DB9F1AE-8618-4589-8693-3367A26B28BD}.Release|x64.Build.0 = Release|Any CPU
		{1DB9F1AE-8618-4589-8693-3367A26B28BD}.Release|x86.ActiveCfg = Release|Any CPU
		{1DB9F1AE-8618-4589-8693-3367A26B28BD}.Release|x86.Build.0 = Release|Any CPU
		{1BD4F4A1-1199-454D-B539-10BC8F2DC024}.Debug|Any CPU.ActiveCfg = Debug|Any CPU
		{1BD4F4A1-1199-454D-B539-10BC8F2DC024}.Debug|Any CPU.Build.0 = Debug|Any CPU
		{1BD4F4A1-1199-454D-B539-10BC8F2DC024}.Debug|ARM.ActiveCfg = Debug|Any CPU
		{1BD4F4A1-1199-454D-B539-10BC8F2DC024}.Debug|ARM.Build.0 = Debug|Any CPU
		{1BD4F4A1-1199-454D-B539-10BC8F2DC024}.Debug|x64.ActiveCfg = Debug|Any CPU
		{1BD4F4A1-1199-454D-B539-10BC8F2DC024}.Debug|x64.Build.0 = Debug|Any CPU
		{1BD4F4A1-1199-454D-B539-10BC8F2DC024}.Debug|x86.ActiveCfg = Debug|Any CPU
		{1BD4F4A1-1199-454D-B539-10BC8F2DC024}.Debug|x86.Build.0 = Debug|Any CPU
		{1BD4F4A1-1199-454D-B539-10BC8F2DC024}.Release|Any CPU.ActiveCfg = Release|Any CPU
		{1BD4F4A1-1199-454D-B539-10BC8F2DC024}.Release|Any CPU.Build.0 = Release|Any CPU
		{1BD4F4A1-1199-454D-B539-10BC8F2DC024}.Release|ARM.ActiveCfg = Release|Any CPU
		{1BD4F4A1-1199-454D-B539-10BC8F2DC024}.Release|ARM.Build.0 = Release|Any CPU
		{1BD4F4A1-1199-454D-B539-10BC8F2DC024}.Release|x64.ActiveCfg = Release|Any CPU
		{1BD4F4A1-1199-454D-B539-10BC8F2DC024}.Release|x64.Build.0 = Release|Any CPU
		{1BD4F4A1-1199-454D-B539-10BC8F2DC024}.Release|x86.ActiveCfg = Release|Any CPU
		{1BD4F4A1-1199-454D-B539-10BC8F2DC024}.Release|x86.Build.0 = Release|Any CPU
		{C3ABA5FB-A75D-4CC0-8CBF-70803A3A8CA2}.Debug|Any CPU.ActiveCfg = Debug|Any CPU
		{C3ABA5FB-A75D-4CC0-8CBF-70803A3A8CA2}.Debug|Any CPU.Build.0 = Debug|Any CPU
		{C3ABA5FB-A75D-4CC0-8CBF-70803A3A8CA2}.Debug|ARM.ActiveCfg = Debug|Any CPU
		{C3ABA5FB-A75D-4CC0-8CBF-70803A3A8CA2}.Debug|ARM.Build.0 = Debug|Any CPU
		{C3ABA5FB-A75D-4CC0-8CBF-70803A3A8CA2}.Debug|x64.ActiveCfg = Debug|Any CPU
		{C3ABA5FB-A75D-4CC0-8CBF-70803A3A8CA2}.Debug|x64.Build.0 = Debug|Any CPU
		{C3ABA5FB-A75D-4CC0-8CBF-70803A3A8CA2}.Debug|x86.ActiveCfg = Debug|Any CPU
		{C3ABA5FB-A75D-4CC0-8CBF-70803A3A8CA2}.Debug|x86.Build.0 = Debug|Any CPU
		{C3ABA5FB-A75D-4CC0-8CBF-70803A3A8CA2}.Release|Any CPU.ActiveCfg = Release|Any CPU
		{C3ABA5FB-A75D-4CC0-8CBF-70803A3A8CA2}.Release|Any CPU.Build.0 = Release|Any CPU
		{C3ABA5FB-A75D-4CC0-8CBF-70803A3A8CA2}.Release|ARM.ActiveCfg = Release|Any CPU
		{C3ABA5FB-A75D-4CC0-8CBF-70803A3A8CA2}.Release|ARM.Build.0 = Release|Any CPU
		{C3ABA5FB-A75D-4CC0-8CBF-70803A3A8CA2}.Release|x64.ActiveCfg = Release|Any CPU
		{C3ABA5FB-A75D-4CC0-8CBF-70803A3A8CA2}.Release|x64.Build.0 = Release|Any CPU
		{C3ABA5FB-A75D-4CC0-8CBF-70803A3A8CA2}.Release|x86.ActiveCfg = Release|Any CPU
		{C3ABA5FB-A75D-4CC0-8CBF-70803A3A8CA2}.Release|x86.Build.0 = Release|Any CPU
	EndGlobalSection
	GlobalSection(SolutionProperties) = preSolution
		HideSolutionNode = FALSE
	EndGlobalSection
	GlobalSection(NestedProjects) = preSolution
		{C0EC4FF7-BBB8-4C96-B635-2B12DC388A40} = {79F979CA-2C5D-4680-8115-54E57546D340}
		{C43C2D25-E969-480A-9CF1-F2432F999850} = {622FF3E6-5DA7-44C0-A73F-22E5A45C39F6}
		{80C2E5F7-65AC-422A-8F65-4CC49FAE3349} = {622FF3E6-5DA7-44C0-A73F-22E5A45C39F6}
		{DE7F1FE7-FEDB-424E-BF87-FFAB13D7A315} = {753C5EB8-C0F0-4E48-B15C-2F679594207E}
		{8BC710EC-1EBC-4679-9E92-C5ED592F727B} = {E98F82D3-D081-4F3F-92C8-A0B6325755CB}
		{ACD2C25B-1D00-43CF-8AC0-88C490B0DB35} = {753C5EB8-C0F0-4E48-B15C-2F679594207E}
		{1DB9F1AE-8618-4589-8693-3367A26B28BD} = {753C5EB8-C0F0-4E48-B15C-2F679594207E}
		{1BD4F4A1-1199-454D-B539-10BC8F2DC024} = {622FF3E6-5DA7-44C0-A73F-22E5A45C39F6}
		{C3ABA5FB-A75D-4CC0-8CBF-70803A3A8CA2} = {622FF3E6-5DA7-44C0-A73F-22E5A45C39F6}
	EndGlobalSection
EndGlobal
